
Microsoft Visual Studio Solution File, Format Version 12.00
# Visual Studio 15
VisualStudioVersion = 15.0.27703.2042
MinimumVisualStudioVersion = 10.0.40219.1
Project("{FAE04EC0-301F-11D3-BF4B-00C04F79EFBC}") = "AndroidWifi.Windows", "AndroidWifi.Windows\AndroidWifi.Windows.csproj", "{490355FE-E30F-4918-9FC8-0D8830827E72}"
EndProject
Project("{D954291E-2A0B-460D-934E-DC6B0785DB48}") = "AndroidWifi.Shared", "AndroidWifi.Shared\AndroidWifi.Shared.shproj", "{3BBCA1FB-5381-4957-8645-F5CA2564236A}"
EndProject
Project("{FAE04EC0-301F-11D3-BF4B-00C04F79EFBC}") = "AndroidWifi.Android", "AndroidWifi.Android\AndroidWifi.Android.csproj", "{9A5D953A-C576-491E-80DA-03EF2D088394}"
EndProject
Project("{FAE04EC0-301F-11D3-BF4B-00C04F79EFBC}") = "AndroidWifi", "AndroidWifi\AndroidWifi.csproj", "{BB0BDBE5-7858-4463-9FEE-8CC6CC501F95}"
EndProject
Global
	GlobalSection(SharedMSBuildProjectFiles) = preSolution
		AndroidWifi.Shared\AndroidWifi.Shared.projitems*{3bbca1fb-5381-4957-8645-f5ca2564236a}*SharedItemsImports = 13
		AndroidWifi.Shared\AndroidWifi.Shared.projitems*{490355fe-e30f-4918-9fc8-0d8830827e72}*SharedItemsImports = 4
	EndGlobalSection
	GlobalSection(SolutionConfigurationPlatforms) = preSolution
		Debug|Any CPU = Debug|Any CPU
		Release|Any CPU = Release|Any CPU
	EndGlobalSection
	GlobalSection(ProjectConfigurationPlatforms) = postSolution
		{490355FE-E30F-4918-9FC8-0D8830827E72}.Debug|Any CPU.ActiveCfg = Debug|Any CPU
		{490355FE-E30F-4918-9FC8-0D8830827E72}.Debug|Any CPU.Build.0 = Debug|Any CPU
		{490355FE-E30F-4918-9FC8-0D8830827E72}.Release|Any CPU.ActiveCfg = Release|Any CPU
		{490355FE-E30F-4918-9FC8-0D8830827E72}.Release|Any CPU.Build.0 = Release|Any CPU
		{9A5D953A-C576-491E-80DA-03EF2D088394}.Debug|Any CPU.ActiveCfg = Debug|Any CPU
		{9A5D953A-C576-491E-80DA-03EF2D088394}.Debug|Any CPU.Build.0 = Debug|Any CPU
		{9A5D953A-C576-491E-80DA-03EF2D088394}.Debug|Any CPU.Deploy.0 = Debug|Any CPU
		{9A5D953A-C576-491E-80DA-03EF2D088394}.Release|Any CPU.ActiveCfg = Release|Any CPU
		{9A5D953A-C576-491E-80DA-03EF2D088394}.Release|Any CPU.Build.0 = Release|Any CPU
		{9A5D953A-C576-491E-80DA-03EF2D088394}.Release|Any CPU.Deploy.0 = Release|Any CPU
		{BB0BDBE5-7858-4463-9FEE-8CC6CC501F95}.Debug|Any CPU.ActiveCfg = Debug|Any CPU
		{BB0BDBE5-7858-4463-9FEE-8CC6CC501F95}.Debug|Any CPU.Build.0 = Debug|Any CPU
		{BB0BDBE5-7858-4463-9FEE-8CC6CC501F95}.Release|Any CPU.ActiveCfg = Release|Any CPU
		{BB0BDBE5-7858-4463-9FEE-8CC6CC501F95}.Release|Any CPU.Build.0 = Release|Any CPU
	EndGlobalSection
	GlobalSection(SolutionProperties) = preSolution
		HideSolutionNode = FALSE
	EndGlobalSection
	GlobalSection(ExtensibilityGlobals) = postSolution
		SolutionGuid = {7FE06743-F2C3-4044-A2E8-FA12924D263D}
	EndGlobalSection
EndGlobal
